
Microsoft Visual Studio Solution File, Format Version 12.00
Project("{FAE04EC0-301F-11D3-BF4B-00C04F79EFBC}") = "Logging", "Logging\Logging.csproj", "{9CAB6144-8AE5-40C9-8333-E8C10788C5F4}"
EndProject
Project("{FAE04EC0-301F-11D3-BF4B-00C04F79EFBC}") = "Logging.Tests", "Logging.Tests\Logging.Tests.csproj", "{A2E892CA-4577-43CF-B975-6DB3591C8032}"
EndProject
Global
    GlobalSection(SolutionConfigurationPlatforms) = preSolution
        Debug|Any CPU = Debug|Any CPU
        Release|Any CPU = Release|Any CPU
    EndGlobalSection
    GlobalSection(ProjectConfigurationPlatforms) = postSolution
        {9CAB6144-8AE5-40C9-8333-E8C10788C5F4}.Debug|Any CPU.ActiveCfg = Debug|Any CPU
        {9CAB6144-8AE5-40C9-8333-E8C10788C5F4}.Debug|Any CPU.Build.0 = Debug|Any CPU
        {9CAB6144-8AE5-40C9-8333-E8C10788C5F4}.Release|Any CPU.ActiveCfg = Release|Any CPU
        {9CAB6144-8AE5-40C9-8333-E8C10788C5F4}.Release|Any CPU.Build.0 = Release|Any CPU
        {A2E892CA-4577-43CF-B975-6DB3591C8032}.Debug|Any CPU.ActiveCfg = Debug|Any CPU
        {A2E892CA-4577-43CF-B975-6DB3591C8032}.Debug|Any CPU.Build.0 = Debug|Any CPU
        {A2E892CA-4577-43CF-B975-6DB3591C8032}.Release|Any CPU.ActiveCfg = Release|Any CPU
        {A2E892CA-4577-43CF-B975-6DB3591C8032}.Release|Any CPU.Build.0 = Release|Any CPU
    EndGlobalSection
EndGlobal
