
Microsoft Visual Studio Solution File, Format Version 12.00
Project("{FAE04EC0-301F-11D3-BF4B-00C04F79EFBC}") = "ReferenceApp", "ReferenceApp\ReferenceApp.csproj", "{FC36BAF8-1EC6-4CD3-9AA1-D422F8EFEB2D}"
EndProject
Global
	GlobalSection(SolutionConfigurationPlatforms) = preSolution
		Debug|Any CPU = Debug|Any CPU
		Release|Any CPU = Release|Any CPU
	EndGlobalSection
	GlobalSection(ProjectConfigurationPlatforms) = postSolution
		{FC36BAF8-1EC6-4CD3-9AA1-D422F8EFEB2D}.Debug|Any CPU.ActiveCfg = Debug|Any CPU
		{FC36BAF8-1EC6-4CD3-9AA1-D422F8EFEB2D}.Debug|Any CPU.Build.0 = Debug|Any CPU
		{FC36BAF8-1EC6-4CD3-9AA1-D422F8EFEB2D}.Release|Any CPU.ActiveCfg = Release|Any CPU
		{FC36BAF8-1EC6-4CD3-9AA1-D422F8EFEB2D}.Release|Any CPU.Build.0 = Release|Any CPU
	EndGlobalSection
EndGlobal
