
Microsoft Visual Studio Solution File, Format Version 12.00
Project("{FAE04EC0-301F-11D3-BF4B-00C04F79EFBC}") = "AppEncryption", "AppEncryption\AppEncryption.csproj", "{92DFF862-81AA-47CC-B543-6D1142E57565}"
EndProject
Project("{FAE04EC0-301F-11D3-BF4B-00C04F79EFBC}") = "AppEncryption.Tests", "AppEncryption.Tests\AppEncryption.Tests.csproj", "{D2814AE8-DA0A-482A-9C71-7E336BE591FE}"
EndProject
Project("{FAE04EC0-301F-11D3-BF4B-00C04F79EFBC}") = "Crypto", "Crypto\Crypto.csproj", "{1EE43D5F-B2C2-4BE9-8BCA-F95254F89BDA}"
EndProject
Project("{FAE04EC0-301F-11D3-BF4B-00C04F79EFBC}") = "AppEncryption.IntegrationTests", "AppEncryption.IntegrationTests\AppEncryption.IntegrationTests.csproj", "{80D1C842-6298-4D15-AB9F-BC89110DBA43}"
EndProject
Global
	GlobalSection(SolutionConfigurationPlatforms) = preSolution
		Debug|Any CPU = Debug|Any CPU
		Release|Any CPU = Release|Any CPU
	EndGlobalSection
	GlobalSection(ProjectConfigurationPlatforms) = postSolution
		{92DFF862-81AA-47CC-B543-6D1142E57565}.Debug|Any CPU.ActiveCfg = Debug|Any CPU
		{92DFF862-81AA-47CC-B543-6D1142E57565}.Debug|Any CPU.Build.0 = Debug|Any CPU
		{92DFF862-81AA-47CC-B543-6D1142E57565}.Release|Any CPU.ActiveCfg = Release|Any CPU
		{92DFF862-81AA-47CC-B543-6D1142E57565}.Release|Any CPU.Build.0 = Release|Any CPU
		{D2814AE8-DA0A-482A-9C71-7E336BE591FE}.Debug|Any CPU.ActiveCfg = Debug|Any CPU
		{D2814AE8-DA0A-482A-9C71-7E336BE591FE}.Debug|Any CPU.Build.0 = Debug|Any CPU
		{D2814AE8-DA0A-482A-9C71-7E336BE591FE}.Release|Any CPU.ActiveCfg = Release|Any CPU
		{D2814AE8-DA0A-482A-9C71-7E336BE591FE}.Release|Any CPU.Build.0 = Release|Any CPU
		{1EE43D5F-B2C2-4BE9-8BCA-F95254F89BDA}.Debug|Any CPU.ActiveCfg = Debug|Any CPU
		{1EE43D5F-B2C2-4BE9-8BCA-F95254F89BDA}.Debug|Any CPU.Build.0 = Debug|Any CPU
		{1EE43D5F-B2C2-4BE9-8BCA-F95254F89BDA}.Release|Any CPU.ActiveCfg = Release|Any CPU
		{1EE43D5F-B2C2-4BE9-8BCA-F95254F89BDA}.Release|Any CPU.Build.0 = Release|Any CPU
		{80D1C842-6298-4D15-AB9F-BC89110DBA43}.Debug|Any CPU.ActiveCfg = Debug|Any CPU
		{80D1C842-6298-4D15-AB9F-BC89110DBA43}.Debug|Any CPU.Build.0 = Debug|Any CPU
		{80D1C842-6298-4D15-AB9F-BC89110DBA43}.Release|Any CPU.ActiveCfg = Release|Any CPU
		{80D1C842-6298-4D15-AB9F-BC89110DBA43}.Release|Any CPU.Build.0 = Release|Any CPU
	EndGlobalSection
EndGlobal
